<?xml version="1.0" encoding="utf-8"?>
<Project ToolsVersion="4.0" xmlns="http://schemas.microsoft.com/developer/msbuild/2003">
  <ItemGroup>
    <Filter Include="Source Files">
      <UniqueIdentifier>{4FC737F1-C7A5-4376-A066-2A32D752A2FF}</UniqueIdentifier>
      <Extensions>cpp;c;cc;cxx;def;odl;idl;hpj;bat;asm;asmx</Extensions>
    </Filter>
    <Filter Include="Resource Files">
      <UniqueIdentifier>{67DA6AB6-F800-4c08-8B7A-83BB121AAD01}</UniqueIdentifier>
      <Extensions>rc;ico;cur;bmp;dlg;rc2;rct;bin;rgs;gif;jpg;jpeg;jpe;resx;tiff;tif;png;wav;mfcribbon-ms</Extensions>
    </Filter>
    <Filter Include="Units">
      <UniqueIdentifier>{7c35e050-bd1c-4e69-bba4-1e2bb2b4925f}</UniqueIdentifier>
    </Filter>
    <Filter Include="Magic">
      <UniqueIdentifier>{1aeebda8-60b7-4f9c-9a00-602747d6584a}</UniqueIdentifier>
    </Filter>
    <Filter Include="UnitState">
      <UniqueIdentifier>{b3667158-888a-4bfa-92bc-96850e01e6d7}</UniqueIdentifier>
    </Filter>
  </ItemGroup>
  <ItemGroup>
    <ClInclude Include="Unit\Unit.h">
      <Filter>Units</Filter>
    </ClInclude>
    <ClInclude Include="Magic\Magic.h">
      <Filter>Magic</Filter>
    </ClInclude>
    <ClInclude Include="UnitState\UnitState.h">
      <Filter>UnitState</Filter>
    </ClInclude>
  </ItemGroup>
  <ItemGroup>
    <ClCompile Include="Unit\Unit.cpp">
      <Filter>Units</Filter>
    </ClCompile>
    <ClCompile Include="Magic\Magic.cpp">
      <Filter>Magic</Filter>
    </ClCompile>
    <ClCompile Include="UnitState\UnitState.cpp">
      <Filter>UnitState</Filter>
    </ClCompile>
  </ItemGroup>
</Project>